// !$*UTF8*$!
{
	archiveVersion = 1;
	classes = {
	};
	objectVersion = 77;
	objects = {

/* Begin PBXBuildFile section */
		FC1A35B62DCCE2D900CCE656 /* Assets.xcassets in Resources */ = {isa = PBXBuildFile; fileRef = FC1A35B22DCCE2D900CCE656 /* Assets.xcassets */; };
		FC1A35B72DCCE2D900CCE656 /* HomeView.swift in Sources */ = {isa = PBXBuildFile; fileRef = FC1A35B32DCCE2D900CCE656 /* HomeView.swift */; };
		FC1A35B82DCCE2D900CCE656 /* MoodTrackerApp.swift in Sources */ = {isa = PBXBuildFile; fileRef = FC1A35B42DCCE2D900CCE656 /* MoodTrackerApp.swift */; };
		FC1A35BB2DCCE2DB00CCE656 /* MoodTrackerTests.swift in Sources */ = {isa = PBXBuildFile; fileRef = FC1A35B92DCCE2DB00CCE656 /* MoodTrackerTests.swift */; };
		FC1A35BF2DCCE2DC00CCE656 /* MoodTrackerUITests.swift in Sources */ = {isa = PBXBuildFile; fileRef = FC1A35BC2DCCE2DC00CCE656 /* MoodTrackerUITests.swift */; };
		FC1A35C02DCCE2DC00CCE656 /* MoodTrackerUITestsLaunchTests.swift in Sources */ = {isa = PBXBuildFile; fileRef = FC1A35BD2DCCE2DC00CCE656 /* MoodTrackerUITestsLaunchTests.swift */; };
		FC1A35C92DCCE41600CCE656 /* MoodTypes.swift in Sources */ = {isa = PBXBuildFile; fileRef = FC1A35C82DCCE41600CCE656 /* MoodTypes.swift */; };
		FC1A35CB2DCCE44E00CCE656 /* Emotions.swift in Sources */ = {isa = PBXBuildFile; fileRef = FC1A35CA2DCCE44E00CCE656 /* Emotions.swift */; };
		FC92AB212DCDD7C30064EF6B /* MoodDataModel.xcdatamodeld in Sources */ = {isa = PBXBuildFile; fileRef = FC92AB1F2DCDD7C30064EF6B /* MoodDataModel.xcdatamodeld */; };
		FC92AB232DCDD82E0064EF6B /* Reason.swift in Sources */ = {isa = PBXBuildFile; fileRef = FC92AB222DCDD82C0064EF6B /* Reason.swift */; };
		FC92AB252DCDD8480064EF6B /* Mood.swift in Sources */ = {isa = PBXBuildFile; fileRef = FC92AB242DCDD8460064EF6B /* Mood.swift */; };
		FC92AB272DCDD8770064EF6B /* ReasonEntity.swift in Sources */ = {isa = PBXBuildFile; fileRef = FC92AB262DCDD8770064EF6B /* ReasonEntity.swift */; };
		FC92AB292DCDD8B60064EF6B /* MoodEntity.swift in Sources */ = {isa = PBXBuildFile; fileRef = FC92AB282DCDD8B60064EF6B /* MoodEntity.swift */; };
		FC92AB2D2DCDDB0E0064EF6B /* PersistenceController.swift in Sources */ = {isa = PBXBuildFile; fileRef = FC92AB2C2DCDDB0E0064EF6B /* PersistenceController.swift */; };
		FC92AB302DCDDB2B0064EF6B /* Repository.swift in Sources */ = {isa = PBXBuildFile; fileRef = FC92AB2F2DCDDB2B0064EF6B /* Repository.swift */; };
		FC92AB3C2DCDDFBC0064EF6B /* MockData.swift in Sources */ = {isa = PBXBuildFile; fileRef = FC92AB3B2DCDDFBC0064EF6B /* MockData.swift */; };
		FC92AB3E2DCDDFC90064EF6B /* MockRepository.swift in Sources */ = {isa = PBXBuildFile; fileRef = FC92AB3D2DCDDFC90064EF6B /* MockRepository.swift */; };
		FC92AB422DCDEB540064EF6B /* AddMoodView.swift in Sources */ = {isa = PBXBuildFile; fileRef = FC92AB412DCDEB540064EF6B /* AddMoodView.swift */; };
		FC92AB472DCE1B2F0064EF6B /* AddMoodVM.swift in Sources */ = {isa = PBXBuildFile; fileRef = FC92AB462DCE1B2F0064EF6B /* AddMoodVM.swift */; };
		FC92AB4A2DCE32130064EF6B /* MoodSelector.swift in Sources */ = {isa = PBXBuildFile; fileRef = FC92AB492DCE32130064EF6B /* MoodSelector.swift */; };
		FC92AB4D2DCE32440064EF6B /* AddMoodHeader.swift in Sources */ = {isa = PBXBuildFile; fileRef = FC92AB4C2DCE32440064EF6B /* AddMoodHeader.swift */; };
/* End PBXBuildFile section */

/* Begin PBXContainerItemProxy section */
		FC0F50C62DCCC2C9009CFC0C /* PBXContainerItemProxy */ = {
			isa = PBXContainerItemProxy;
			containerPortal = FC0F50B02DCCC2C8009CFC0C /* Project object */;
			proxyType = 1;
			remoteGlobalIDString = FC0F50B72DCCC2C8009CFC0C;
			remoteInfo = MoodTracker;
		};
		FC0F50D02DCCC2C9009CFC0C /* PBXContainerItemProxy */ = {
			isa = PBXContainerItemProxy;
			containerPortal = FC0F50B02DCCC2C8009CFC0C /* Project object */;
			proxyType = 1;
			remoteGlobalIDString = FC0F50B72DCCC2C8009CFC0C;
			remoteInfo = MoodTracker;
		};
/* End PBXContainerItemProxy section */

/* Begin PBXFileReference section */
		FC0F50B82DCCC2C8009CFC0C /* MoodTracker.app */ = {isa = PBXFileReference; explicitFileType = wrapper.application; includeInIndex = 0; path = MoodTracker.app; sourceTree = BUILT_PRODUCTS_DIR; };
		FC0F50C52DCCC2C9009CFC0C /* MoodTrackerTests.xctest */ = {isa = PBXFileReference; explicitFileType = wrapper.cfbundle; includeInIndex = 0; path = MoodTrackerTests.xctest; sourceTree = BUILT_PRODUCTS_DIR; };
		FC0F50CF2DCCC2C9009CFC0C /* MoodTrackerUITests.xctest */ = {isa = PBXFileReference; explicitFileType = wrapper.cfbundle; includeInIndex = 0; path = MoodTrackerUITests.xctest; sourceTree = BUILT_PRODUCTS_DIR; };
		FC1A35B22DCCE2D900CCE656 /* Assets.xcassets */ = {isa = PBXFileReference; lastKnownFileType = folder.assetcatalog; path = Assets.xcassets; sourceTree = "<group>"; };
		FC1A35B32DCCE2D900CCE656 /* HomeView.swift */ = {isa = PBXFileReference; lastKnownFileType = sourcecode.swift; path = HomeView.swift; sourceTree = "<group>"; };
		FC1A35B42DCCE2D900CCE656 /* MoodTrackerApp.swift */ = {isa = PBXFileReference; lastKnownFileType = sourcecode.swift; path = MoodTrackerApp.swift; sourceTree = "<group>"; };
		FC1A35B92DCCE2DB00CCE656 /* MoodTrackerTests.swift */ = {isa = PBXFileReference; lastKnownFileType = sourcecode.swift; path = MoodTrackerTests.swift; sourceTree = "<group>"; };
		FC1A35BC2DCCE2DC00CCE656 /* MoodTrackerUITests.swift */ = {isa = PBXFileReference; lastKnownFileType = sourcecode.swift; path = MoodTrackerUITests.swift; sourceTree = "<group>"; };
		FC1A35BD2DCCE2DC00CCE656 /* MoodTrackerUITestsLaunchTests.swift */ = {isa = PBXFileReference; lastKnownFileType = sourcecode.swift; path = MoodTrackerUITestsLaunchTests.swift; sourceTree = "<group>"; };
		FC1A35C82DCCE41600CCE656 /* MoodTypes.swift */ = {isa = PBXFileReference; lastKnownFileType = sourcecode.swift; path = MoodTypes.swift; sourceTree = "<group>"; };
		FC1A35CA2DCCE44E00CCE656 /* Emotions.swift */ = {isa = PBXFileReference; lastKnownFileType = sourcecode.swift; path = Emotions.swift; sourceTree = "<group>"; };
		FC92AB202DCDD7C30064EF6B /* MoodDataModel.xcdatamodel */ = {isa = PBXFileReference; lastKnownFileType = wrapper.xcdatamodel; path = MoodDataModel.xcdatamodel; sourceTree = "<group>"; };
		FC92AB222DCDD82C0064EF6B /* Reason.swift */ = {isa = PBXFileReference; lastKnownFileType = sourcecode.swift; path = Reason.swift; sourceTree = "<group>"; };
		FC92AB242DCDD8460064EF6B /* Mood.swift */ = {isa = PBXFileReference; lastKnownFileType = sourcecode.swift; path = Mood.swift; sourceTree = "<group>"; };
		FC92AB262DCDD8770064EF6B /* ReasonEntity.swift */ = {isa = PBXFileReference; lastKnownFileType = sourcecode.swift; path = ReasonEntity.swift; sourceTree = "<group>"; };
		FC92AB282DCDD8B60064EF6B /* MoodEntity.swift */ = {isa = PBXFileReference; lastKnownFileType = sourcecode.swift; path = MoodEntity.swift; sourceTree = "<group>"; };
		FC92AB2C2DCDDB0E0064EF6B /* PersistenceController.swift */ = {isa = PBXFileReference; lastKnownFileType = sourcecode.swift; path = PersistenceController.swift; sourceTree = "<group>"; };
		FC92AB2F2DCDDB2B0064EF6B /* Repository.swift */ = {isa = PBXFileReference; lastKnownFileType = sourcecode.swift; path = Repository.swift; sourceTree = "<group>"; };
		FC92AB3B2DCDDFBC0064EF6B /* MockData.swift */ = {isa = PBXFileReference; lastKnownFileType = sourcecode.swift; path = MockData.swift; sourceTree = "<group>"; };
		FC92AB3D2DCDDFC90064EF6B /* MockRepository.swift */ = {isa = PBXFileReference; lastKnownFileType = sourcecode.swift; path = MockRepository.swift; sourceTree = "<group>"; };
		FC92AB412DCDEB540064EF6B /* AddMoodView.swift */ = {isa = PBXFileReference; lastKnownFileType = sourcecode.swift; path = AddMoodView.swift; sourceTree = "<group>"; };
		FC92AB462DCE1B2F0064EF6B /* AddMoodVM.swift */ = {isa = PBXFileReference; lastKnownFileType = sourcecode.swift; path = AddMoodVM.swift; sourceTree = "<group>"; };
		FC92AB492DCE32130064EF6B /* MoodSelector.swift */ = {isa = PBXFileReference; lastKnownFileType = sourcecode.swift; path = MoodSelector.swift; sourceTree = "<group>"; };
		FC92AB4C2DCE32440064EF6B /* AddMoodHeader.swift */ = {isa = PBXFileReference; lastKnownFileType = sourcecode.swift; path = AddMoodHeader.swift; sourceTree = "<group>"; };
/* End PBXFileReference section */

/* Begin PBXFrameworksBuildPhase section */
		FC0F50B52DCCC2C8009CFC0C /* Frameworks */ = {
			isa = PBXFrameworksBuildPhase;
			buildActionMask = 2147483647;
			files = (
			);
			runOnlyForDeploymentPostprocessing = 0;
		};
		FC0F50C22DCCC2C9009CFC0C /* Frameworks */ = {
			isa = PBXFrameworksBuildPhase;
			buildActionMask = 2147483647;
			files = (
			);
			runOnlyForDeploymentPostprocessing = 0;
		};
		FC0F50CC2DCCC2C9009CFC0C /* Frameworks */ = {
			isa = PBXFrameworksBuildPhase;
			buildActionMask = 2147483647;
			files = (
			);
			runOnlyForDeploymentPostprocessing = 0;
		};
/* End PBXFrameworksBuildPhase section */

/* Begin PBXGroup section */
		FC0F50AF2DCCC2C8009CFC0C = {
			isa = PBXGroup;
			children = (
				FC1A35B52DCCE2D900CCE656 /* MoodTracker */,
				FC1A35BA2DCCE2DB00CCE656 /* MoodTrackerTests */,
				FC1A35BE2DCCE2DC00CCE656 /* MoodTrackerUITests */,
				FC0F50B92DCCC2C8009CFC0C /* Products */,
			);
			sourceTree = "<group>";
		};
		FC0F50B92DCCC2C8009CFC0C /* Products */ = {
			isa = PBXGroup;
			children = (
				FC0F50B82DCCC2C8009CFC0C /* MoodTracker.app */,
				FC0F50C52DCCC2C9009CFC0C /* MoodTrackerTests.xctest */,
				FC0F50CF2DCCC2C9009CFC0C /* MoodTrackerUITests.xctest */,
			);
			name = Products;
			sourceTree = "<group>";
		};
		FC1A35B52DCCE2D900CCE656 /* MoodTracker */ = {
			isa = PBXGroup;
			children = (
				FC1A35C12DCCE2DE00CCE656 /* Views */,
				FC92AB482DCE32080064EF6B /* Components */,
				FC92AB432DCE18070064EF6B /* ViewModels */,
				FC92AB2E2DCDDB260064EF6B /* Repository */,
				FC92AB1E2DCDD7B20064EF6B /* DataModel */,
				FC1A35C62DCCE40C00CCE656 /* Model */,
				FC1A35C22DCCE2F700CCE656 /* System */,
				FC92AB382DCDDF950064EF6B /* PreviewContent */,
			);
			path = MoodTracker;
			sourceTree = "<group>";
		};
		FC1A35BA2DCCE2DB00CCE656 /* MoodTrackerTests */ = {
			isa = PBXGroup;
			children = (
				FC1A35B92DCCE2DB00CCE656 /* MoodTrackerTests.swift */,
			);
			path = MoodTrackerTests;
			sourceTree = "<group>";
		};
		FC1A35BE2DCCE2DC00CCE656 /* MoodTrackerUITests */ = {
			isa = PBXGroup;
			children = (
				FC1A35BC2DCCE2DC00CCE656 /* MoodTrackerUITests.swift */,
				FC1A35BD2DCCE2DC00CCE656 /* MoodTrackerUITestsLaunchTests.swift */,
			);
			path = MoodTrackerUITests;
			sourceTree = "<group>";
		};
		FC1A35C12DCCE2DE00CCE656 /* Views */ = {
			isa = PBXGroup;
			children = (
				FC1A35B32DCCE2D900CCE656 /* HomeView.swift */,
				FC92AB412DCDEB540064EF6B /* AddMoodView.swift */,
			);
			path = Views;
			sourceTree = "<group>";
		};
		FC1A35C22DCCE2F700CCE656 /* System */ = {
			isa = PBXGroup;
			children = (
				FC1A35B42DCCE2D900CCE656 /* MoodTrackerApp.swift */,
				FC1A35B22DCCE2D900CCE656 /* Assets.xcassets */,
			);
			path = System;
			sourceTree = "<group>";
		};
		FC1A35C62DCCE40C00CCE656 /* Model */ = {
			isa = PBXGroup;
			children = (
				FC92AB242DCDD8460064EF6B /* Mood.swift */,
				FC92AB222DCDD82C0064EF6B /* Reason.swift */,
				FC1A35C72DCCE41300CCE656 /* Enums */,
			);
			path = Model;
			sourceTree = "<group>";
		};
		FC1A35C72DCCE41300CCE656 /* Enums */ = {
			isa = PBXGroup;
			children = (
				FC1A35C82DCCE41600CCE656 /* MoodTypes.swift */,
				FC1A35CA2DCCE44E00CCE656 /* Emotions.swift */,
			);
			path = Enums;
			sourceTree = "<group>";
		};
		FC92AB1E2DCDD7B20064EF6B /* DataModel */ = {
			isa = PBXGroup;
			children = (
				FC92AB2C2DCDDB0E0064EF6B /* PersistenceController.swift */,
				FC92AB282DCDD8B60064EF6B /* MoodEntity.swift */,
				FC92AB262DCDD8770064EF6B /* ReasonEntity.swift */,
				FC92AB1F2DCDD7C30064EF6B /* MoodDataModel.xcdatamodeld */,
			);
			path = DataModel;
			sourceTree = "<group>";
		};
		FC92AB2E2DCDDB260064EF6B /* Repository */ = {
			isa = PBXGroup;
			children = (
				FC92AB2F2DCDDB2B0064EF6B /* Repository.swift */,
			);
			path = Repository;
			sourceTree = "<group>";
		};
		FC92AB382DCDDF950064EF6B /* PreviewContent */ = {
			isa = PBXGroup;
			children = (
				FC92AB3D2DCDDFC90064EF6B /* MockRepository.swift */,
				FC92AB3B2DCDDFBC0064EF6B /* MockData.swift */,
			);
			path = PreviewContent;
			sourceTree = "<group>";
		};
		FC92AB432DCE18070064EF6B /* ViewModels */ = {
			isa = PBXGroup;
			children = (
				FC92AB462DCE1B2F0064EF6B /* AddMoodVM.swift */,
			);
			path = ViewModels;
			sourceTree = "<group>";
		};
		FC92AB482DCE32080064EF6B /* Components */ = {
			isa = PBXGroup;
			children = (
				FC92AB4C2DCE32440064EF6B /* AddMoodHeader.swift */,
				FC92AB492DCE32130064EF6B /* MoodSelector.swift */,
			);
			path = Components;
			sourceTree = "<group>";
		};
/* End PBXGroup section */

/* Begin PBXNativeTarget section */
		FC0F50B72DCCC2C8009CFC0C /* MoodTracker */ = {
			isa = PBXNativeTarget;
			buildConfigurationList = FC0F50D92DCCC2C9009CFC0C /* Build configuration list for PBXNativeTarget "MoodTracker" */;
			buildPhases = (
				FC0F50B42DCCC2C8009CFC0C /* Sources */,
				FC0F50B52DCCC2C8009CFC0C /* Frameworks */,
				FC0F50B62DCCC2C8009CFC0C /* Resources */,
			);
			buildRules = (
			);
			dependencies = (
			);
			name = MoodTracker;
			packageProductDependencies = (
			);
			productName = MoodTracker;
			productReference = FC0F50B82DCCC2C8009CFC0C /* MoodTracker.app */;
			productType = "com.apple.product-type.application";
		};
		FC0F50C42DCCC2C9009CFC0C /* MoodTrackerTests */ = {
			isa = PBXNativeTarget;
			buildConfigurationList = FC0F50DC2DCCC2C9009CFC0C /* Build configuration list for PBXNativeTarget "MoodTrackerTests" */;
			buildPhases = (
				FC0F50C12DCCC2C9009CFC0C /* Sources */,
				FC0F50C22DCCC2C9009CFC0C /* Frameworks */,
				FC0F50C32DCCC2C9009CFC0C /* Resources */,
			);
			buildRules = (
			);
			dependencies = (
				FC0F50C72DCCC2C9009CFC0C /* PBXTargetDependency */,
			);
			name = MoodTrackerTests;
			packageProductDependencies = (
			);
			productName = MoodTrackerTests;
			productReference = FC0F50C52DCCC2C9009CFC0C /* MoodTrackerTests.xctest */;
			productType = "com.apple.product-type.bundle.unit-test";
		};
		FC0F50CE2DCCC2C9009CFC0C /* MoodTrackerUITests */ = {
			isa = PBXNativeTarget;
			buildConfigurationList = FC0F50DF2DCCC2C9009CFC0C /* Build configuration list for PBXNativeTarget "MoodTrackerUITests" */;
			buildPhases = (
				FC0F50CB2DCCC2C9009CFC0C /* Sources */,
				FC0F50CC2DCCC2C9009CFC0C /* Frameworks */,
				FC0F50CD2DCCC2C9009CFC0C /* Resources */,
			);
			buildRules = (
			);
			dependencies = (
				FC0F50D12DCCC2C9009CFC0C /* PBXTargetDependency */,
			);
			name = MoodTrackerUITests;
			packageProductDependencies = (
			);
			productName = MoodTrackerUITests;
			productReference = FC0F50CF2DCCC2C9009CFC0C /* MoodTrackerUITests.xctest */;
			productType = "com.apple.product-type.bundle.ui-testing";
		};
/* End PBXNativeTarget section */

/* Begin PBXProject section */
		FC0F50B02DCCC2C8009CFC0C /* Project object */ = {
			isa = PBXProject;
			attributes = {
				BuildIndependentTargetsInParallel = 1;
				LastSwiftUpdateCheck = 1630;
				LastUpgradeCheck = 1630;
				TargetAttributes = {
					FC0F50B72DCCC2C8009CFC0C = {
						CreatedOnToolsVersion = 16.3;
					};
					FC0F50C42DCCC2C9009CFC0C = {
						CreatedOnToolsVersion = 16.3;
						TestTargetID = FC0F50B72DCCC2C8009CFC0C;
					};
					FC0F50CE2DCCC2C9009CFC0C = {
						CreatedOnToolsVersion = 16.3;
						TestTargetID = FC0F50B72DCCC2C8009CFC0C;
					};
				};
			};
			buildConfigurationList = FC0F50B32DCCC2C8009CFC0C /* Build configuration list for PBXProject "MoodTracker" */;
			developmentRegion = en;
			hasScannedForEncodings = 0;
			knownRegions = (
				en,
				Base,
			);
			mainGroup = FC0F50AF2DCCC2C8009CFC0C;
			minimizedProjectReferenceProxies = 1;
			preferredProjectObjectVersion = 77;
			productRefGroup = FC0F50B92DCCC2C8009CFC0C /* Products */;
			projectDirPath = "";
			projectRoot = "";
			targets = (
				FC0F50B72DCCC2C8009CFC0C /* MoodTracker */,
				FC0F50C42DCCC2C9009CFC0C /* MoodTrackerTests */,
				FC0F50CE2DCCC2C9009CFC0C /* MoodTrackerUITests */,
			);
		};
/* End PBXProject section */

/* Begin PBXResourcesBuildPhase section */
		FC0F50B62DCCC2C8009CFC0C /* Resources */ = {
			isa = PBXResourcesBuildPhase;
			buildActionMask = 2147483647;
			files = (
				FC1A35B62DCCE2D900CCE656 /* Assets.xcassets in Resources */,
			);
			runOnlyForDeploymentPostprocessing = 0;
		};
		FC0F50C32DCCC2C9009CFC0C /* Resources */ = {
			isa = PBXResourcesBuildPhase;
			buildActionMask = 2147483647;
			files = (
			);
			runOnlyForDeploymentPostprocessing = 0;
		};
		FC0F50CD2DCCC2C9009CFC0C /* Resources */ = {
			isa = PBXResourcesBuildPhase;
			buildActionMask = 2147483647;
			files = (
			);
			runOnlyForDeploymentPostprocessing = 0;
		};
/* End PBXResourcesBuildPhase section */

/* Begin PBXSourcesBuildPhase section */
		FC0F50B42DCCC2C8009CFC0C /* Sources */ = {
			isa = PBXSourcesBuildPhase;
			buildActionMask = 2147483647;
			files = (
				FC1A35C92DCCE41600CCE656 /* MoodTypes.swift in Sources */,
				FC92AB3C2DCDDFBC0064EF6B /* MockData.swift in Sources */,
				FC92AB472DCE1B2F0064EF6B /* AddMoodVM.swift in Sources */,
				FC1A35B72DCCE2D900CCE656 /* HomeView.swift in Sources */,
				FC92AB272DCDD8770064EF6B /* ReasonEntity.swift in Sources */,
				FC1A35B82DCCE2D900CCE656 /* MoodTrackerApp.swift in Sources */,
				FC92AB422DCDEB540064EF6B /* AddMoodView.swift in Sources */,
				FC92AB252DCDD8480064EF6B /* Mood.swift in Sources */,
				FC92AB302DCDDB2B0064EF6B /* Repository.swift in Sources */,
				FC92AB4D2DCE32440064EF6B /* AddMoodHeader.swift in Sources */,
				FC92AB232DCDD82E0064EF6B /* Reason.swift in Sources */,
				FC1A35CB2DCCE44E00CCE656 /* Emotions.swift in Sources */,
				FC92AB212DCDD7C30064EF6B /* MoodDataModel.xcdatamodeld in Sources */,
				FC92AB292DCDD8B60064EF6B /* MoodEntity.swift in Sources */,
				FC92AB4A2DCE32130064EF6B /* MoodSelector.swift in Sources */,
				FC92AB3E2DCDDFC90064EF6B /* MockRepository.swift in Sources */,
				FC92AB2D2DCDDB0E0064EF6B /* PersistenceController.swift in Sources */,
			);
			runOnlyForDeploymentPostprocessing = 0;
		};
		FC0F50C12DCCC2C9009CFC0C /* Sources */ = {
			isa = PBXSourcesBuildPhase;
			buildActionMask = 2147483647;
			files = (
				FC1A35BB2DCCE2DB00CCE656 /* MoodTrackerTests.swift in Sources */,
			);
			runOnlyForDeploymentPostprocessing = 0;
		};
		FC0F50CB2DCCC2C9009CFC0C /* Sources */ = {
			isa = PBXSourcesBuildPhase;
			buildActionMask = 2147483647;
			files = (
				FC1A35BF2DCCE2DC00CCE656 /* MoodTrackerUITests.swift in Sources */,
				FC1A35C02DCCE2DC00CCE656 /* MoodTrackerUITestsLaunchTests.swift in Sources */,
			);
			runOnlyForDeploymentPostprocessing = 0;
		};
/* End PBXSourcesBuildPhase section */

/* Begin PBXTargetDependency section */
		FC0F50C72DCCC2C9009CFC0C /* PBXTargetDependency */ = {
			isa = PBXTargetDependency;
			target = FC0F50B72DCCC2C8009CFC0C /* MoodTracker */;
			targetProxy = FC0F50C62DCCC2C9009CFC0C /* PBXContainerItemProxy */;
		};
		FC0F50D12DCCC2C9009CFC0C /* PBXTargetDependency */ = {
			isa = PBXTargetDependency;
			target = FC0F50B72DCCC2C8009CFC0C /* MoodTracker */;
			targetProxy = FC0F50D02DCCC2C9009CFC0C /* PBXContainerItemProxy */;
		};
/* End PBXTargetDependency section */

/* Begin XCBuildConfiguration section */
		FC0F50D72DCCC2C9009CFC0C /* Debug */ = {
			isa = XCBuildConfiguration;
			buildSettings = {
				ALWAYS_SEARCH_USER_PATHS = NO;
				ASSETCATALOG_COMPILER_GENERATE_SWIFT_ASSET_SYMBOL_EXTENSIONS = YES;
				CLANG_ANALYZER_NONNULL = YES;
				CLANG_ANALYZER_NUMBER_OBJECT_CONVERSION = YES_AGGRESSIVE;
				CLANG_CXX_LANGUAGE_STANDARD = "gnu++20";
				CLANG_ENABLE_MODULES = YES;
				CLANG_ENABLE_OBJC_ARC = YES;
				CLANG_ENABLE_OBJC_WEAK = YES;
				CLANG_WARN_BLOCK_CAPTURE_AUTORELEASING = YES;
				CLANG_WARN_BOOL_CONVERSION = YES;
				CLANG_WARN_COMMA = YES;
				CLANG_WARN_CONSTANT_CONVERSION = YES;
				CLANG_WARN_DEPRECATED_OBJC_IMPLEMENTATIONS = YES;
				CLANG_WARN_DIRECT_OBJC_ISA_USAGE = YES_ERROR;
				CLANG_WARN_DOCUMENTATION_COMMENTS = YES;
				CLANG_WARN_EMPTY_BODY = YES;
				CLANG_WARN_ENUM_CONVERSION = YES;
				CLANG_WARN_INFINITE_RECURSION = YES;
				CLANG_WARN_INT_CONVERSION = YES;
				CLANG_WARN_NON_LITERAL_NULL_CONVERSION = YES;
				CLANG_WARN_OBJC_IMPLICIT_RETAIN_SELF = YES;
				CLANG_WARN_OBJC_LITERAL_CONVERSION = YES;
				CLANG_WARN_OBJC_ROOT_CLASS = YES_ERROR;
				CLANG_WARN_QUOTED_INCLUDE_IN_FRAMEWORK_HEADER = YES;
				CLANG_WARN_RANGE_LOOP_ANALYSIS = YES;
				CLANG_WARN_STRICT_PROTOTYPES = YES;
				CLANG_WARN_SUSPICIOUS_MOVE = YES;
				CLANG_WARN_UNGUARDED_AVAILABILITY = YES_AGGRESSIVE;
				CLANG_WARN_UNREACHABLE_CODE = YES;
				CLANG_WARN__DUPLICATE_METHOD_MATCH = YES;
				COPY_PHASE_STRIP = NO;
				DEBUG_INFORMATION_FORMAT = dwarf;
				DEVELOPMENT_TEAM = NHXG9GL4YK;
				ENABLE_STRICT_OBJC_MSGSEND = YES;
				ENABLE_TESTABILITY = YES;
				ENABLE_USER_SCRIPT_SANDBOXING = YES;
				GCC_C_LANGUAGE_STANDARD = gnu17;
				GCC_DYNAMIC_NO_PIC = NO;
				GCC_NO_COMMON_BLOCKS = YES;
				GCC_OPTIMIZATION_LEVEL = 0;
				GCC_PREPROCESSOR_DEFINITIONS = (
					"DEBUG=1",
					"$(inherited)",
				);
				GCC_WARN_64_TO_32_BIT_CONVERSION = YES;
				GCC_WARN_ABOUT_RETURN_TYPE = YES_ERROR;
				GCC_WARN_UNDECLARED_SELECTOR = YES;
				GCC_WARN_UNINITIALIZED_AUTOS = YES_AGGRESSIVE;
				GCC_WARN_UNUSED_FUNCTION = YES;
				GCC_WARN_UNUSED_VARIABLE = YES;
				IPHONEOS_DEPLOYMENT_TARGET = 18.4;
				LOCALIZATION_PREFERS_STRING_CATALOGS = YES;
				MTL_ENABLE_DEBUG_INFO = INCLUDE_SOURCE;
				MTL_FAST_MATH = YES;
				ONLY_ACTIVE_ARCH = YES;
				SDKROOT = iphoneos;
				SWIFT_ACTIVE_COMPILATION_CONDITIONS = "DEBUG $(inherited)";
				SWIFT_OPTIMIZATION_LEVEL = "-Onone";
			};
			name = Debug;
		};
		FC0F50D82DCCC2C9009CFC0C /* Release */ = {
			isa = XCBuildConfiguration;
			buildSettings = {
				ALWAYS_SEARCH_USER_PATHS = NO;
				ASSETCATALOG_COMPILER_GENERATE_SWIFT_ASSET_SYMBOL_EXTENSIONS = YES;
				CLANG_ANALYZER_NONNULL = YES;
				CLANG_ANALYZER_NUMBER_OBJECT_CONVERSION = YES_AGGRESSIVE;
				CLANG_CXX_LANGUAGE_STANDARD = "gnu++20";
				CLANG_ENABLE_MODULES = YES;
				CLANG_ENABLE_OBJC_ARC = YES;
				CLANG_ENABLE_OBJC_WEAK = YES;
				CLANG_WARN_BLOCK_CAPTURE_AUTORELEASING = YES;
				CLANG_WARN_BOOL_CONVERSION = YES;
				CLANG_WARN_COMMA = YES;
				CLANG_WARN_CONSTANT_CONVERSION = YES;
				CLANG_WARN_DEPRECATED_OBJC_IMPLEMENTATIONS = YES;
				CLANG_WARN_DIRECT_OBJC_ISA_USAGE = YES_ERROR;
				CLANG_WARN_DOCUMENTATION_COMMENTS = YES;
				CLANG_WARN_EMPTY_BODY = YES;
				CLANG_WARN_ENUM_CONVERSION = YES;
				CLANG_WARN_INFINITE_RECURSION = YES;
				CLANG_WARN_INT_CONVERSION = YES;
				CLANG_WARN_NON_LITERAL_NULL_CONVERSION = YES;
				CLANG_WARN_OBJC_IMPLICIT_RETAIN_SELF = YES;
				CLANG_WARN_OBJC_LITERAL_CONVERSION = YES;
				CLANG_WARN_OBJC_ROOT_CLASS = YES_ERROR;
				CLANG_WARN_QUOTED_INCLUDE_IN_FRAMEWORK_HEADER = YES;
				CLANG_WARN_RANGE_LOOP_ANALYSIS = YES;
				CLANG_WARN_STRICT_PROTOTYPES = YES;
				CLANG_WARN_SUSPICIOUS_MOVE = YES;
				CLANG_WARN_UNGUARDED_AVAILABILITY = YES_AGGRESSIVE;
				CLANG_WARN_UNREACHABLE_CODE = YES;
				CLANG_WARN__DUPLICATE_METHOD_MATCH = YES;
				COPY_PHASE_STRIP = NO;
				DEBUG_INFORMATION_FORMAT = "dwarf-with-dsym";
				DEVELOPMENT_TEAM = NHXG9GL4YK;
				ENABLE_NS_ASSERTIONS = NO;
				ENABLE_STRICT_OBJC_MSGSEND = YES;
				ENABLE_USER_SCRIPT_SANDBOXING = YES;
				GCC_C_LANGUAGE_STANDARD = gnu17;
				GCC_NO_COMMON_BLOCKS = YES;
				GCC_WARN_64_TO_32_BIT_CONVERSION = YES;
				GCC_WARN_ABOUT_RETURN_TYPE = YES_ERROR;
				GCC_WARN_UNDECLARED_SELECTOR = YES;
				GCC_WARN_UNINITIALIZED_AUTOS = YES_AGGRESSIVE;
				GCC_WARN_UNUSED_FUNCTION = YES;
				GCC_WARN_UNUSED_VARIABLE = YES;
				IPHONEOS_DEPLOYMENT_TARGET = 18.4;
				LOCALIZATION_PREFERS_STRING_CATALOGS = YES;
				MTL_ENABLE_DEBUG_INFO = NO;
				MTL_FAST_MATH = YES;
				SDKROOT = iphoneos;
				SWIFT_COMPILATION_MODE = wholemodule;
				VALIDATE_PRODUCT = YES;
			};
			name = Release;
		};
		FC0F50DA2DCCC2C9009CFC0C /* Debug */ = {
			isa = XCBuildConfiguration;
			buildSettings = {
				ASSETCATALOG_COMPILER_APPICON_NAME = AppIcon;
				ASSETCATALOG_COMPILER_GLOBAL_ACCENT_COLOR_NAME = AccentColor;
				CODE_SIGN_STYLE = Automatic;
				CURRENT_PROJECT_VERSION = 1;
				DEVELOPMENT_ASSET_PATHS = MoodTracker/PreviewContent;
				DEVELOPMENT_TEAM = NHXG9GL4YK;
				ENABLE_PREVIEWS = YES;
				GENERATE_INFOPLIST_FILE = YES;
				INFOPLIST_KEY_UIApplicationSceneManifest_Generation = YES;
				INFOPLIST_KEY_UIApplicationSupportsIndirectInputEvents = YES;
				INFOPLIST_KEY_UILaunchScreen_Generation = YES;
				INFOPLIST_KEY_UISupportedInterfaceOrientations_iPad = "UIInterfaceOrientationPortrait UIInterfaceOrientationPortraitUpsideDown UIInterfaceOrientationLandscapeLeft UIInterfaceOrientationLandscapeRight";
				INFOPLIST_KEY_UISupportedInterfaceOrientations_iPhone = "UIInterfaceOrientationPortrait UIInterfaceOrientationLandscapeLeft UIInterfaceOrientationLandscapeRight";
				IPHONEOS_DEPLOYMENT_TARGET = 16.1;
				LD_RUNPATH_SEARCH_PATHS = (
					"$(inherited)",
					"@executable_path/Frameworks",
				);
				MARKETING_VERSION = 1.0;
				PRODUCT_BUNDLE_IDENTIFIER = com.gabrielgarcia.MoodTracker;
				PRODUCT_NAME = "$(TARGET_NAME)";
				SUPPORTED_PLATFORMS = "iphoneos iphonesimulator";
				SUPPORTS_MACCATALYST = NO;
				SUPPORTS_MAC_DESIGNED_FOR_IPHONE_IPAD = NO;
				SUPPORTS_XR_DESIGNED_FOR_IPHONE_IPAD = NO;
				SWIFT_EMIT_LOC_STRINGS = YES;
				SWIFT_VERSION = 5.0;
				TARGETED_DEVICE_FAMILY = 1;
			};
			name = Debug;
		};
		FC0F50DB2DCCC2C9009CFC0C /* Release */ = {
			isa = XCBuildConfiguration;
			buildSettings = {
				ASSETCATALOG_COMPILER_APPICON_NAME = AppIcon;
				ASSETCATALOG_COMPILER_GLOBAL_ACCENT_COLOR_NAME = AccentColor;
				CODE_SIGN_STYLE = Automatic;
				CURRENT_PROJECT_VERSION = 1;
				DEVELOPMENT_ASSET_PATHS = MoodTracker/PreviewContent;
				DEVELOPMENT_TEAM = NHXG9GL4YK;
				ENABLE_PREVIEWS = YES;
				GENERATE_INFOPLIST_FILE = YES;
				INFOPLIST_KEY_UIApplicationSceneManifest_Generation = YES;
				INFOPLIST_KEY_UIApplicationSupportsIndirectInputEvents = YES;
				INFOPLIST_KEY_UILaunchScreen_Generation = YES;
				INFOPLIST_KEY_UISupportedInterfaceOrientations_iPad = "UIInterfaceOrientationPortrait UIInterfaceOrientationPortraitUpsideDown UIInterfaceOrientationLandscapeLeft UIInterfaceOrientationLandscapeRight";
				INFOPLIST_KEY_UISupportedInterfaceOrientations_iPhone = "UIInterfaceOrientationPortrait UIInterfaceOrientationLandscapeLeft UIInterfaceOrientationLandscapeRight";
				IPHONEOS_DEPLOYMENT_TARGET = 16.1;
				LD_RUNPATH_SEARCH_PATHS = (
					"$(inherited)",
					"@executable_path/Frameworks",
				);
				MARKETING_VERSION = 1.0;
				PRODUCT_BUNDLE_IDENTIFIER = com.gabrielgarcia.MoodTracker;
				PRODUCT_NAME = "$(TARGET_NAME)";
				SUPPORTED_PLATFORMS = "iphoneos iphonesimulator";
				SUPPORTS_MACCATALYST = NO;
				SUPPORTS_MAC_DESIGNED_FOR_IPHONE_IPAD = NO;
				SUPPORTS_XR_DESIGNED_FOR_IPHONE_IPAD = NO;
				SWIFT_EMIT_LOC_STRINGS = YES;
				SWIFT_VERSION = 5.0;
				TARGETED_DEVICE_FAMILY = 1;
			};
			name = Release;
		};
		FC0F50DD2DCCC2C9009CFC0C /* Debug */ = {
			isa = XCBuildConfiguration;
			buildSettings = {
				BUNDLE_LOADER = "$(TEST_HOST)";
				CODE_SIGN_STYLE = Automatic;
				CURRENT_PROJECT_VERSION = 1;
				DEVELOPMENT_TEAM = NHXG9GL4YK;
				GENERATE_INFOPLIST_FILE = YES;
				IPHONEOS_DEPLOYMENT_TARGET = 18.4;
				MARKETING_VERSION = 1.0;
				PRODUCT_BUNDLE_IDENTIFIER = com.gabrielgarcia.MoodTrackerTests;
				PRODUCT_NAME = "$(TARGET_NAME)";
				SWIFT_EMIT_LOC_STRINGS = NO;
				SWIFT_VERSION = 5.0;
				TARGETED_DEVICE_FAMILY = "1,2";
				TEST_HOST = "$(BUILT_PRODUCTS_DIR)/MoodTracker.app/$(BUNDLE_EXECUTABLE_FOLDER_PATH)/MoodTracker";
			};
			name = Debug;
		};
		FC0F50DE2DCCC2C9009CFC0C /* Release */ = {
			isa = XCBuildConfiguration;
			buildSettings = {
				BUNDLE_LOADER = "$(TEST_HOST)";
				CODE_SIGN_STYLE = Automatic;
				CURRENT_PROJECT_VERSION = 1;
				DEVELOPMENT_TEAM = NHXG9GL4YK;
				GENERATE_INFOPLIST_FILE = YES;
				IPHONEOS_DEPLOYMENT_TARGET = 18.4;
				MARKETING_VERSION = 1.0;
				PRODUCT_BUNDLE_IDENTIFIER = com.gabrielgarcia.MoodTrackerTests;
				PRODUCT_NAME = "$(TARGET_NAME)";
				SWIFT_EMIT_LOC_STRINGS = NO;
				SWIFT_VERSION = 5.0;
				TARGETED_DEVICE_FAMILY = "1,2";
				TEST_HOST = "$(BUILT_PRODUCTS_DIR)/MoodTracker.app/$(BUNDLE_EXECUTABLE_FOLDER_PATH)/MoodTracker";
			};
			name = Release;
		};
		FC0F50E02DCCC2C9009CFC0C /* Debug */ = {
			isa = XCBuildConfiguration;
			buildSettings = {
				CODE_SIGN_STYLE = Automatic;
				CURRENT_PROJECT_VERSION = 1;
				DEVELOPMENT_TEAM = NHXG9GL4YK;
				GENERATE_INFOPLIST_FILE = YES;
				MARKETING_VERSION = 1.0;
				PRODUCT_BUNDLE_IDENTIFIER = com.gabrielgarcia.MoodTrackerUITests;
				PRODUCT_NAME = "$(TARGET_NAME)";
				SWIFT_EMIT_LOC_STRINGS = NO;
				SWIFT_VERSION = 5.0;
				TARGETED_DEVICE_FAMILY = "1,2";
				TEST_TARGET_NAME = MoodTracker;
			};
			name = Debug;
		};
		FC0F50E12DCCC2C9009CFC0C /* Release */ = {
			isa = XCBuildConfiguration;
			buildSettings = {
				CODE_SIGN_STYLE = Automatic;
				CURRENT_PROJECT_VERSION = 1;
				DEVELOPMENT_TEAM = NHXG9GL4YK;
				GENERATE_INFOPLIST_FILE = YES;
				MARKETING_VERSION = 1.0;
				PRODUCT_BUNDLE_IDENTIFIER = com.gabrielgarcia.MoodTrackerUITests;
				PRODUCT_NAME = "$(TARGET_NAME)";
				SWIFT_EMIT_LOC_STRINGS = NO;
				SWIFT_VERSION = 5.0;
				TARGETED_DEVICE_FAMILY = "1,2";
				TEST_TARGET_NAME = MoodTracker;
			};
			name = Release;
		};
/* End XCBuildConfiguration section */

/* Begin XCConfigurationList section */
		FC0F50B32DCCC2C8009CFC0C /* Build configuration list for PBXProject "MoodTracker" */ = {
			isa = XCConfigurationList;
			buildConfigurations = (
				FC0F50D72DCCC2C9009CFC0C /* Debug */,
				FC0F50D82DCCC2C9009CFC0C /* Release */,
			);
			defaultConfigurationIsVisible = 0;
			defaultConfigurationName = Release;
		};
		FC0F50D92DCCC2C9009CFC0C /* Build configuration list for PBXNativeTarget "MoodTracker" */ = {
			isa = XCConfigurationList;
			buildConfigurations = (
				FC0F50DA2DCCC2C9009CFC0C /* Debug */,
				FC0F50DB2DCCC2C9009CFC0C /* Release */,
			);
			defaultConfigurationIsVisible = 0;
			defaultConfigurationName = Release;
		};
		FC0F50DC2DCCC2C9009CFC0C /* Build configuration list for PBXNativeTarget "MoodTrackerTests" */ = {
			isa = XCConfigurationList;
			buildConfigurations = (
				FC0F50DD2DCCC2C9009CFC0C /* Debug */,
				FC0F50DE2DCCC2C9009CFC0C /* Release */,
			);
			defaultConfigurationIsVisible = 0;
			defaultConfigurationName = Release;
		};
		FC0F50DF2DCCC2C9009CFC0C /* Build configuration list for PBXNativeTarget "MoodTrackerUITests" */ = {
			isa = XCConfigurationList;
			buildConfigurations = (
				FC0F50E02DCCC2C9009CFC0C /* Debug */,
				FC0F50E12DCCC2C9009CFC0C /* Release */,
			);
			defaultConfigurationIsVisible = 0;
			defaultConfigurationName = Release;
		};
/* End XCConfigurationList section */

/* Begin XCVersionGroup section */
		FC92AB1F2DCDD7C30064EF6B /* MoodDataModel.xcdatamodeld */ = {
			isa = XCVersionGroup;
			children = (
				FC92AB202DCDD7C30064EF6B /* MoodDataModel.xcdatamodel */,
			);
			currentVersion = FC92AB202DCDD7C30064EF6B /* MoodDataModel.xcdatamodel */;
			path = MoodDataModel.xcdatamodeld;
			sourceTree = "<group>";
			versionGroupType = wrapper.xcdatamodel;
		};
/* End XCVersionGroup section */
	};
	rootObject = FC0F50B02DCCC2C8009CFC0C /* Project object */;
}
